# THIS IS AN AUTOGENERATED FILE. DO NOT EDIT THIS FILE DIRECTLY.
# yarn lockfile v1


jquery-ui-timepicker-addon@^1.6.3:
  version "1.6.3"
  resolved "https://registry.yarnpkg.com/jquery-ui-timepicker-addon/-/jquery-ui-timepicker-addon-1.6.3.tgz#8037c39b0b630282dd0b37dd8ad7fc5e1163377f"

jquery.initialize@^1.1.0:
  version "1.1.0"
  resolved "https://registry.yarnpkg.com/jquery.initialize/-/jquery.initialize-1.1.0.tgz#8f1e0d7dc7559548670b4b6840427f1cf5e0e5f8"
